
Microsoft Visual Studio Solution File, Format Version 12.00
# Visual Studio Version 17
VisualStudioVersion = 17.2.32519.379
MinimumVisualStudioVersion = 10.0.40219.1
Project("{9A19103F-16F7-4668-BE54-9A1E7A4F7556}") = "Aula01_Shift_FIAP_POO", "Aula01_Shift_FIAP_POO\Aula01_Shift_FIAP_POO.csproj", "{F0127314-2D20-41E0-B25F-870461B1C2CD}"
EndProject
Project("{9A19103F-16F7-4668-BE54-9A1E7A4F7556}") = "Aula01_Shift_FIAP_POO_Parte2", "Aula01_Shift_FIAP_POO_Parte2\Aula01_Shift_FIAP_POO_Parte2.csproj", "{C7FC5D98-D61D-4B64-9DFD-72B946CC1D0A}"
EndProject
Project("{9A19103F-16F7-4668-BE54-9A1E7A4F7556}") = "Aula02_Shift_FIAP_POO", "Aula02_Shift_FIAP_POO\Aula02_Shift_FIAP_POO.csproj", "{F8049FD9-C998-417D-B392-FC40C3A5A4FA}"
EndProject
Project("{9A19103F-16F7-4668-BE54-9A1E7A4F7556}") = "Aula02_Shift_FIAP_POO_Parte2", "Aula02_Shift_FIAP_POO_Parte2\Aula02_Shift_FIAP_POO_Parte2.csproj", "{FE0B65D0-DD9C-41FE-9E37-99C8371D0053}"
EndProject
Project("{9A19103F-16F7-4668-BE54-9A1E7A4F7556}") = "Aula03_Shift_FIAP_POO", "Aula03_Shift\Aula03_Shift_FIAP_POO.csproj", "{3C655FBB-4A9F-4627-B0B5-6D0E120D0329}"
EndProject
Project("{9A19103F-16F7-4668-BE54-9A1E7A4F7556}") = "Aula04_Shift_FIAP_POO", "Aula04_Shift_FIAP_POO\Aula04_Shift_FIAP_POO.csproj", "{188F4EB9-4B1B-4B3D-B771-20CBE2719CF5}"
EndProject
Project("{9A19103F-16F7-4668-BE54-9A1E7A4F7556}") = "Aula04_Shift_FIAP_POO_Parte2", "Aula04_Shift_FIAP_POO_Parte2\Aula04_Shift_FIAP_POO_Parte2.csproj", "{32031088-FCA7-42C6-9A0A-AD596E3C02CB}"
EndProject
Project("{9A19103F-16F7-4668-BE54-9A1E7A4F7556}") = "Aula04_Shift_FIAP_POO_Parte3", "Aula04_Shift_FIAP_POO_Parte3\Aula04_Shift_FIAP_POO_Parte3.csproj", "{49F94D7E-0BCF-4143-9926-7E3CC64274D9}"
EndProject
Project("{FAE04EC0-301F-11D3-BF4B-00C04F79EFBC}") = "Aula05_Shift_FIAP_POO", "Aula05_Shift_Fiap_POO\Aula05_Shift_FIAP_POO.csproj", "{14D5377C-3234-49A9-B252-E01D43DE5836}"
EndProject
Project("{FAE04EC0-301F-11D3-BF4B-00C04F79EFBC}") = "Aula05_Shift_FIAP_POO_Parte2", "Aula05_Shift_Fiap_POO_Parte2\Aula05_Shift_FIAP_POO_Parte2.csproj", "{A9C87E9D-C887-4B64-B1F2-7EDE922E747D}"
EndProject
Project("{FAE04EC0-301F-11D3-BF4B-00C04F79EFBC}") = "Aula05_Shift_FIAP_POO_Parte3", "Aula05_Shift_FIAP_POO_Parte3\Aula05_Shift_FIAP_POO_Parte3.csproj", "{AC923F4B-4465-432E-AD81-6589C1901333}"
EndProject
Project("{FAE04EC0-301F-11D3-BF4B-00C04F79EFBC}") = "Aula05_Shift_FIAP_POO_Parte4", "Aula05_Shift_FIAP_POO_Parte4\Aula05_Shift_FIAP_POO_Parte4.csproj", "{0332F630-C992-4179-898B-0B8C6C5B1A0F}"
EndProject
Global
	GlobalSection(SolutionConfigurationPlatforms) = preSolution
		Debug|Any CPU = Debug|Any CPU
		Release|Any CPU = Release|Any CPU
	EndGlobalSection
	GlobalSection(ProjectConfigurationPlatforms) = postSolution
		{F0127314-2D20-41E0-B25F-870461B1C2CD}.Debug|Any CPU.ActiveCfg = Debug|Any CPU
		{F0127314-2D20-41E0-B25F-870461B1C2CD}.Debug|Any CPU.Build.0 = Debug|Any CPU
		{F0127314-2D20-41E0-B25F-870461B1C2CD}.Release|Any CPU.ActiveCfg = Release|Any CPU
		{F0127314-2D20-41E0-B25F-870461B1C2CD}.Release|Any CPU.Build.0 = Release|Any CPU
		{C7FC5D98-D61D-4B64-9DFD-72B946CC1D0A}.Debug|Any CPU.ActiveCfg = Debug|Any CPU
		{C7FC5D98-D61D-4B64-9DFD-72B946CC1D0A}.Debug|Any CPU.Build.0 = Debug|Any CPU
		{C7FC5D98-D61D-4B64-9DFD-72B946CC1D0A}.Release|Any CPU.ActiveCfg = Release|Any CPU
		{C7FC5D98-D61D-4B64-9DFD-72B946CC1D0A}.Release|Any CPU.Build.0 = Release|Any CPU
		{F8049FD9-C998-417D-B392-FC40C3A5A4FA}.Debug|Any CPU.ActiveCfg = Debug|Any CPU
		{F8049FD9-C998-417D-B392-FC40C3A5A4FA}.Debug|Any CPU.Build.0 = Debug|Any CPU
		{F8049FD9-C998-417D-B392-FC40C3A5A4FA}.Release|Any CPU.ActiveCfg = Release|Any CPU
		{F8049FD9-C998-417D-B392-FC40C3A5A4FA}.Release|Any CPU.Build.0 = Release|Any CPU
		{FE0B65D0-DD9C-41FE-9E37-99C8371D0053}.Debug|Any CPU.ActiveCfg = Debug|Any CPU
		{FE0B65D0-DD9C-41FE-9E37-99C8371D0053}.Debug|Any CPU.Build.0 = Debug|Any CPU
		{FE0B65D0-DD9C-41FE-9E37-99C8371D0053}.Release|Any CPU.ActiveCfg = Release|Any CPU
		{FE0B65D0-DD9C-41FE-9E37-99C8371D0053}.Release|Any CPU.Build.0 = Release|Any CPU
		{3C655FBB-4A9F-4627-B0B5-6D0E120D0329}.Debug|Any CPU.ActiveCfg = Debug|Any CPU
		{3C655FBB-4A9F-4627-B0B5-6D0E120D0329}.Debug|Any CPU.Build.0 = Debug|Any CPU
		{3C655FBB-4A9F-4627-B0B5-6D0E120D0329}.Release|Any CPU.ActiveCfg = Release|Any CPU
		{3C655FBB-4A9F-4627-B0B5-6D0E120D0329}.Release|Any CPU.Build.0 = Release|Any CPU
		{188F4EB9-4B1B-4B3D-B771-20CBE2719CF5}.Debug|Any CPU.ActiveCfg = Debug|Any CPU
		{188F4EB9-4B1B-4B3D-B771-20CBE2719CF5}.Debug|Any CPU.Build.0 = Debug|Any CPU
		{188F4EB9-4B1B-4B3D-B771-20CBE2719CF5}.Release|Any CPU.ActiveCfg = Release|Any CPU
		{188F4EB9-4B1B-4B3D-B771-20CBE2719CF5}.Release|Any CPU.Build.0 = Release|Any CPU
		{32031088-FCA7-42C6-9A0A-AD596E3C02CB}.Debug|Any CPU.ActiveCfg = Debug|Any CPU
		{32031088-FCA7-42C6-9A0A-AD596E3C02CB}.Debug|Any CPU.Build.0 = Debug|Any CPU
		{32031088-FCA7-42C6-9A0A-AD596E3C02CB}.Release|Any CPU.ActiveCfg = Release|Any CPU
		{32031088-FCA7-42C6-9A0A-AD596E3C02CB}.Release|Any CPU.Build.0 = Release|Any CPU
		{49F94D7E-0BCF-4143-9926-7E3CC64274D9}.Debug|Any CPU.ActiveCfg = Debug|Any CPU
		{49F94D7E-0BCF-4143-9926-7E3CC64274D9}.Debug|Any CPU.Build.0 = Debug|Any CPU
		{49F94D7E-0BCF-4143-9926-7E3CC64274D9}.Release|Any CPU.ActiveCfg = Release|Any CPU
		{49F94D7E-0BCF-4143-9926-7E3CC64274D9}.Release|Any CPU.Build.0 = Release|Any CPU
		{14D5377C-3234-49A9-B252-E01D43DE5836}.Debug|Any CPU.ActiveCfg = Debug|Any CPU
		{14D5377C-3234-49A9-B252-E01D43DE5836}.Debug|Any CPU.Build.0 = Debug|Any CPU
		{14D5377C-3234-49A9-B252-E01D43DE5836}.Release|Any CPU.ActiveCfg = Release|Any CPU
		{14D5377C-3234-49A9-B252-E01D43DE5836}.Release|Any CPU.Build.0 = Release|Any CPU
		{A9C87E9D-C887-4B64-B1F2-7EDE922E747D}.Debug|Any CPU.ActiveCfg = Debug|Any CPU
		{A9C87E9D-C887-4B64-B1F2-7EDE922E747D}.Debug|Any CPU.Build.0 = Debug|Any CPU
		{A9C87E9D-C887-4B64-B1F2-7EDE922E747D}.Release|Any CPU.ActiveCfg = Release|Any CPU
		{A9C87E9D-C887-4B64-B1F2-7EDE922E747D}.Release|Any CPU.Build.0 = Release|Any CPU
		{AC923F4B-4465-432E-AD81-6589C1901333}.Debug|Any CPU.ActiveCfg = Debug|Any CPU
		{AC923F4B-4465-432E-AD81-6589C1901333}.Debug|Any CPU.Build.0 = Debug|Any CPU
		{AC923F4B-4465-432E-AD81-6589C1901333}.Release|Any CPU.ActiveCfg = Release|Any CPU
		{AC923F4B-4465-432E-AD81-6589C1901333}.Release|Any CPU.Build.0 = Release|Any CPU
		{0332F630-C992-4179-898B-0B8C6C5B1A0F}.Debug|Any CPU.ActiveCfg = Debug|Any CPU
		{0332F630-C992-4179-898B-0B8C6C5B1A0F}.Debug|Any CPU.Build.0 = Debug|Any CPU
		{0332F630-C992-4179-898B-0B8C6C5B1A0F}.Release|Any CPU.ActiveCfg = Release|Any CPU
		{0332F630-C992-4179-898B-0B8C6C5B1A0F}.Release|Any CPU.Build.0 = Release|Any CPU
	EndGlobalSection
	GlobalSection(SolutionProperties) = preSolution
		HideSolutionNode = FALSE
	EndGlobalSection
	GlobalSection(ExtensibilityGlobals) = postSolution
		SolutionGuid = {896411FB-2BFF-4BA2-940C-C94C5B63C47D}
	EndGlobalSection
EndGlobal
